{
  "name": "MileStone3",
  "lockfileVersion": 2,
  "requires": true,
  "packages": {
    "": {
      "dependencies": {
        "@react-spring/web": "^9.7.2",
        "context": "^3.0.7",
        "react-tinder-card": "^1.6.2"
      }
    },
    "node_modules/@react-spring/animated": {
      "version": "9.7.2",
      "resolved": "https://registry.npmjs.org/@react-spring/animated/-/animated-9.7.2.tgz",
      "integrity": "sha512-ipvleJ99ipqlnHkz5qhSsgf/ny5aW0ZG8Q+/2Oj9cI7LCc7COdnrSO6V/v8MAX3JOoQNzfz6dye2s5Pt5jGaIA==",
      "dependencies": {
        "@react-spring/shared": "~9.7.2",
        "@react-spring/types": "~9.7.2"
      },
      "peerDependencies": {
        "react": "^16.8.0 || ^17.0.0 || ^18.0.0"
      }
    },
    "node_modules/@react-spring/core": {
      "version": "9.7.2",
      "resolved": "https://registry.npmjs.org/@react-spring/core/-/core-9.7.2.tgz",
      "integrity": "sha512-fF512edZT/gKVCA90ZRxfw1DmELeVwiL4OC2J6bMUlNr707C0h4QRoec6DjzG27uLX2MvS1CEatf9KRjwZR9/w==",
      "dependencies": {
        "@react-spring/animated": "~9.7.2",
        "@react-spring/rafz": "~9.7.2",
        "@react-spring/shared": "~9.7.2",
        "@react-spring/types": "~9.7.2"
      },
      "funding": {
        "type": "opencollective",
        "url": "https://opencollective.com/react-spring/donate"
      },
      "peerDependencies": {
        "react": "^16.8.0 || ^17.0.0 || ^18.0.0"
      }
    },
    "node_modules/@react-spring/rafz": {
      "version": "9.7.2",
      "resolved": "https://registry.npmjs.org/@react-spring/rafz/-/rafz-9.7.2.tgz",
      "integrity": "sha512-kDWMYDQto3+flkrX3vy6DU/l9pxQ4TVW91DglQEc11iDc7shF4+WVDRJvOVLX+xoMP7zyag1dMvlIgvQ+dvA/A=="
    },
    "node_modules/@react-spring/shared": {
      "version": "9.7.2",
      "resolved": "https://registry.npmjs.org/@react-spring/shared/-/shared-9.7.2.tgz",
      "integrity": "sha512-6U9qkno+9DxlH5nSltnPs+kU6tYKf0bPLURX2te13aGel8YqgcpFYp5Av8DcN2x3sukinAsmzHUS/FRsdZMMBA==",
      "dependencies": {
        "@react-spring/rafz": "~9.7.2",
        "@react-spring/types": "~9.7.2"
      },
      "peerDependencies": {
        "react": "^16.8.0 || ^17.0.0 || ^18.0.0"
      }
    },
    "node_modules/@react-spring/types": {
      "version": "9.7.2",
      "resolved": "https://registry.npmjs.org/@react-spring/types/-/types-9.7.2.tgz",
      "integrity": "sha512-GEflx2Ex/TKVMHq5g5MxQDNNPNhqg+4Db9m7+vGTm8ttZiyga7YQUF24shgRNebKIjahqCuei16SZga8h1pe4g=="
    },
    "node_modules/@react-spring/web": {
      "version": "9.7.2",
      "resolved": "https://registry.npmjs.org/@react-spring/web/-/web-9.7.2.tgz",
      "integrity": "sha512-7qNc7/5KShu2D05x7o2Ols2nUE7mCKfKLaY2Ix70xPMfTle1sZisoQMBFgV9w/fSLZlHZHV9P0uWJqEXQnbV4Q==",
      "dependencies": {
        "@react-spring/animated": "~9.7.2",
        "@react-spring/core": "~9.7.2",
        "@react-spring/shared": "~9.7.2",
        "@react-spring/types": "~9.7.2"
      },
      "peerDependencies": {
        "react": "^16.8.0 || ^17.0.0 || ^18.0.0",
        "react-dom": "^16.8.0 || ^17.0.0 || ^18.0.0"
      }
    },
    "node_modules/context": {
      "version": "3.0.7",
      "resolved": "https://registry.npmjs.org/context/-/context-3.0.7.tgz",
      "integrity": "sha512-ceW8mQwFhOin5ih5Sm6jq9mju7+p/usZFkf+PwNPXcpARplz1eAE4PB0V90Os/STyd1387Gu4C8I5Jmy3wDoIA==",
      "dependencies": {
        "vest-utils": "^0.1.1"
      }
    },
    "node_modules/vest-utils": {
      "version": "0.1.1",
      "resolved": "https://registry.npmjs.org/vest-utils/-/vest-utils-0.1.1.tgz",
      "integrity": "sha512-dsH4zt4IsBvDY3BhUo6mNgwN9WVIfUP8jwBp2XEZQAq7XYAuVQnGTCrdF8+/OtoP141jCxMppXYpO4xbMWYwhA=="
    }
  },
  "dependencies": {
    "@react-spring/animated": {
      "version": "9.7.2",
      "resolved": "https://registry.npmjs.org/@react-spring/animated/-/animated-9.7.2.tgz",
      "integrity": "sha512-ipvleJ99ipqlnHkz5qhSsgf/ny5aW0ZG8Q+/2Oj9cI7LCc7COdnrSO6V/v8MAX3JOoQNzfz6dye2s5Pt5jGaIA==",
      "requires": {
        "@react-spring/shared": "~9.7.2",
        "@react-spring/types": "~9.7.2"
      }
    },
    "@react-spring/core": {
      "version": "9.7.2",
      "resolved": "https://registry.npmjs.org/@react-spring/core/-/core-9.7.2.tgz",
      "integrity": "sha512-fF512edZT/gKVCA90ZRxfw1DmELeVwiL4OC2J6bMUlNr707C0h4QRoec6DjzG27uLX2MvS1CEatf9KRjwZR9/w==",
      "requires": {
        "@react-spring/animated": "~9.7.2",
        "@react-spring/rafz": "~9.7.2",
        "@react-spring/shared": "~9.7.2",
        "@react-spring/types": "~9.7.2"
      }
    },
    "@react-spring/rafz": {
      "version": "9.7.2",
      "resolved": "https://registry.npmjs.org/@react-spring/rafz/-/rafz-9.7.2.tgz",
      "integrity": "sha512-kDWMYDQto3+flkrX3vy6DU/l9pxQ4TVW91DglQEc11iDc7shF4+WVDRJvOVLX+xoMP7zyag1dMvlIgvQ+dvA/A=="
    },
    "@react-spring/shared": {
      "version": "9.7.2",
      "resolved": "https://registry.npmjs.org/@react-spring/shared/-/shared-9.7.2.tgz",
      "integrity": "sha512-6U9qkno+9DxlH5nSltnPs+kU6tYKf0bPLURX2te13aGel8YqgcpFYp5Av8DcN2x3sukinAsmzHUS/FRsdZMMBA==",
      "requires": {
        "@react-spring/rafz": "~9.7.2",
        "@react-spring/types": "~9.7.2"
      }
    },
    "@react-spring/types": {
      "version": "9.7.2",
      "resolved": "https://registry.npmjs.org/@react-spring/types/-/types-9.7.2.tgz",
      "integrity": "sha512-GEflx2Ex/TKVMHq5g5MxQDNNPNhqg+4Db9m7+vGTm8ttZiyga7YQUF24shgRNebKIjahqCuei16SZga8h1pe4g=="
    },
    "@react-spring/web": {
      "version": "9.7.2",
      "resolved": "https://registry.npmjs.org/@react-spring/web/-/web-9.7.2.tgz",
      "integrity": "sha512-7qNc7/5KShu2D05x7o2Ols2nUE7mCKfKLaY2Ix70xPMfTle1sZisoQMBFgV9w/fSLZlHZHV9P0uWJqEXQnbV4Q==",
      "requires": {
        "@react-spring/animated": "~9.7.2",
        "@react-spring/core": "~9.7.2",
        "@react-spring/shared": "~9.7.2",
        "@react-spring/types": "~9.7.2"
      }
    },
    "context": {
      "version": "3.0.7",
      "resolved": "https://registry.npmjs.org/context/-/context-3.0.7.tgz",
      "integrity": "sha512-ceW8mQwFhOin5ih5Sm6jq9mju7+p/usZFkf+PwNPXcpARplz1eAE4PB0V90Os/STyd1387Gu4C8I5Jmy3wDoIA==",
      "requires": {
        "vest-utils": "^0.1.1"
      }
    },
    "vest-utils": {
      "version": "0.1.1",
      "resolved": "https://registry.npmjs.org/vest-utils/-/vest-utils-0.1.1.tgz",
      "integrity": "sha512-dsH4zt4IsBvDY3BhUo6mNgwN9WVIfUP8jwBp2XEZQAq7XYAuVQnGTCrdF8+/OtoP141jCxMppXYpO4xbMWYwhA=="
    }
  }
}
