{
  "name": "MileStone3",
  "lockfileVersion": 2,
  "requires": true,
  "packages": {
    "": {
      "dependencies": {
        "context": "^3.0.7"
      }
    },
    "node_modules/context": {
      "version": "3.0.7",
      "resolved": "https://registry.npmjs.org/context/-/context-3.0.7.tgz",
      "integrity": "sha512-ceW8mQwFhOin5ih5Sm6jq9mju7+p/usZFkf+PwNPXcpARplz1eAE4PB0V90Os/STyd1387Gu4C8I5Jmy3wDoIA==",
      "dependencies": {
        "vest-utils": "^0.1.1"
      }
    },
    "node_modules/vest-utils": {
      "version": "0.1.1",
      "resolved": "https://registry.npmjs.org/vest-utils/-/vest-utils-0.1.1.tgz",
      "integrity": "sha512-dsH4zt4IsBvDY3BhUo6mNgwN9WVIfUP8jwBp2XEZQAq7XYAuVQnGTCrdF8+/OtoP141jCxMppXYpO4xbMWYwhA=="
    }
  },
  "dependencies": {
    "context": {
      "version": "3.0.7",
      "resolved": "https://registry.npmjs.org/context/-/context-3.0.7.tgz",
      "integrity": "sha512-ceW8mQwFhOin5ih5Sm6jq9mju7+p/usZFkf+PwNPXcpARplz1eAE4PB0V90Os/STyd1387Gu4C8I5Jmy3wDoIA==",
      "requires": {
        "vest-utils": "^0.1.1"
      }
    },
    "vest-utils": {
      "version": "0.1.1",
      "resolved": "https://registry.npmjs.org/vest-utils/-/vest-utils-0.1.1.tgz",
      "integrity": "sha512-dsH4zt4IsBvDY3BhUo6mNgwN9WVIfUP8jwBp2XEZQAq7XYAuVQnGTCrdF8+/OtoP141jCxMppXYpO4xbMWYwhA=="
    }
  }
}
